Microsoft Visual Studio Solution File, Format Version 12.00
# Visual Studio Version 17
VisualStudioVersion = 17.0.31903.59
MinimumVisualStudioVersion = 10.0.40219.1
Project("{FAE04EC0-301F-11D3-BF4B-00C04F79EFBC}") = "ClipJob.Desktop", "src\ClipJob.Desktop\ClipJob.Desktop.csproj", "{BBD90796-EEFC-4847-9CD1-94C0DD9025A5}"
EndProject
Project("{FAE04EC0-301F-11D3-BF4B-00C04F79EFBC}") = "ClipJob.Desktop.Tests", "tests\ClipJob.Desktop.Tests\ClipJob.Desktop.Tests.csproj", "{C69BA43F-076C-4609-A4DD-A4F08BA0E831}"
EndProject
Global
	GlobalSection(SolutionConfigurationPlatforms) = preSolution
		Debug|Any CPU = Debug|Any CPU
		Release|Any CPU = Release|Any CPU
	EndGlobalSection
	GlobalSection(ProjectConfigurationPlatforms) = postSolution
		{BBD90796-EEFC-4847-9CD1-94C0DD9025A5}.Debug|Any CPU.ActiveCfg = Debug|Any CPU
		{BBD90796-EEFC-4847-9CD1-94C0DD9025A5}.Debug|Any CPU.Build.0 = Debug|Any CPU
		{BBD90796-EEFC-4847-9CD1-94C0DD9025A5}.Release|Any CPU.ActiveCfg = Release|Any CPU
		{BBD90796-EEFC-4847-9CD1-94C0DD9025A5}.Release|Any CPU.Build.0 = Release|Any CPU
		{C69BA43F-076C-4609-A4DD-A4F08BA0E831}.Debug|Any CPU.ActiveCfg = Debug|Any CPU
		{C69BA43F-076C-4609-A4DD-A4F08BA0E831}.Debug|Any CPU.Build.0 = Debug|Any CPU
		{C69BA43F-076C-4609-A4DD-A4F08BA0E831}.Release|Any CPU.ActiveCfg = Release|Any CPU
		{C69BA43F-076C-4609-A4DD-A4F08BA0E831}.Release|Any CPU.Build.0 = Release|Any CPU
	EndGlobalSection
EndGlobal
